// !$*UTF8*$!
{
	archiveVersion = 1;
	classes = {
	};
	objectVersion = 50;
	objects = {

/* Begin PBXBuildFile section */
		416CC28E21C327A1001BFC9C /* AppDelegate.swift in Sources */ = {isa = PBXBuildFile; fileRef = 416CC28D21C327A1001BFC9C /* AppDelegate.swift */; };
		416CC29021C327A1001BFC9C /* ViewController.swift in Sources */ = {isa = PBXBuildFile; fileRef = 416CC28F21C327A1001BFC9C /* ViewController.swift */; };
		416CC29321C327A1001BFC9C /* Main.storyboard in Resources */ = {isa = PBXBuildFile; fileRef = 416CC29121C327A1001BFC9C /* Main.storyboard */; };
		416CC29521C327A5001BFC9C /* Assets.xcassets in Resources */ = {isa = PBXBuildFile; fileRef = 416CC29421C327A5001BFC9C /* Assets.xcassets */; };
		416CC29821C327A5001BFC9C /* LaunchScreen.storyboard in Resources */ = {isa = PBXBuildFile; fileRef = 416CC29621C327A5001BFC9C /* LaunchScreen.storyboard */; };
		416CC2A321C327A6001BFC9C /* NightlyTestUITests.swift in Sources */ = {isa = PBXBuildFile; fileRef = 416CC2A221C327A6001BFC9C /* NightlyTestUITests.swift */; };
/* End PBXBuildFile section */

/* Begin PBXContainerItemProxy section */
		416CC29F21C327A6001BFC9C /* PBXContainerItemProxy */ = {
			isa = PBXContainerItemProxy;
			containerPortal = 416CC28221C327A1001BFC9C /* Project object */;
			proxyType = 1;
			remoteGlobalIDString = 416CC28921C327A1001BFC9C;
			remoteInfo = NightlyTest;
		};
/* End PBXContainerItemProxy section */

/* Begin PBXFileReference section */
		416CC28A21C327A1001BFC9C /* NightlyTest.app */ = {isa = PBXFileReference; explicitFileType = wrapper.application; includeInIndex = 0; path = NightlyTest.app; sourceTree = BUILT_PRODUCTS_DIR; };
		416CC28D21C327A1001BFC9C /* AppDelegate.swift */ = {isa = PBXFileReference; lastKnownFileType = sourcecode.swift; path = AppDelegate.swift; sourceTree = "<group>"; };
		416CC28F21C327A1001BFC9C /* ViewController.swift */ = {isa = PBXFileReference; lastKnownFileType = sourcecode.swift; path = ViewController.swift; sourceTree = "<group>"; };
		416CC29221C327A1001BFC9C /* Base */ = {isa = PBXFileReference; lastKnownFileType = file.storyboard; name = Base; path = Base.lproj/Main.storyboard; sourceTree = "<group>"; };
		416CC29421C327A5001BFC9C /* Assets.xcassets */ = {isa = PBXFileReference; lastKnownFileType = folder.assetcatalog; path = Assets.xcassets; sourceTree = "<group>"; };
		416CC29721C327A5001BFC9C /* Base */ = {isa = PBXFileReference; lastKnownFileType = file.storyboard; name = Base; path = Base.lproj/LaunchScreen.storyboard; sourceTree = "<group>"; };
		416CC29921C327A5001BFC9C /* Info.plist */ = {isa = PBXFileReference; lastKnownFileType = text.plist.xml; path = Info.plist; sourceTree = "<group>"; };
		416CC29E21C327A6001BFC9C /* NightlyTestUITests.xctest */ = {isa = PBXFileReference; explicitFileType = wrapper.cfbundle; includeInIndex = 0; path = NightlyTestUITests.xctest; sourceTree = BUILT_PRODUCTS_DIR; };
		416CC2A221C327A6001BFC9C /* NightlyTestUITests.swift */ = {isa = PBXFileReference; lastKnownFileType = sourcecode.swift; path = NightlyTestUITests.swift; sourceTree = "<group>"; };
		416CC2A421C327A6001BFC9C /* Info.plist */ = {isa = PBXFileReference; lastKnownFileType = text.plist.xml; path = Info.plist; sourceTree = "<group>"; };
/* End PBXFileReference section */

/* Begin PBXFrameworksBuildPhase section */
		416CC28721C327A1001BFC9C /* Frameworks */ = {
			isa = PBXFrameworksBuildPhase;
			buildActionMask = 2147483647;
			files = (
			);
			runOnlyForDeploymentPostprocessing = 0;
		};
		416CC29B21C327A6001BFC9C /* Frameworks */ = {
			isa = PBXFrameworksBuildPhase;
			buildActionMask = 2147483647;
			files = (
			);
			runOnlyForDeploymentPostprocessing = 0;
		};
/* End PBXFrameworksBuildPhase section */

/* Begin PBXGroup section */
		416CC28121C327A1001BFC9C = {
			isa = PBXGroup;
			children = (
				416CC28C21C327A1001BFC9C /* NightlyTest */,
				416CC2A121C327A6001BFC9C /* NightlyTestUITests */,
				416CC28B21C327A1001BFC9C /* Products */,
			);
			sourceTree = "<group>";
		};
		416CC28B21C327A1001BFC9C /* Products */ = {
			isa = PBXGroup;
			children = (
				416CC28A21C327A1001BFC9C /* NightlyTest.app */,
				416CC29E21C327A6001BFC9C /* NightlyTestUITests.xctest */,
			);
			name = Products;
			sourceTree = "<group>";
		};
		416CC28C21C327A1001BFC9C /* NightlyTest */ = {
			isa = PBXGroup;
			children = (
				416CC28D21C327A1001BFC9C /* AppDelegate.swift */,
				416CC28F21C327A1001BFC9C /* ViewController.swift */,
				416CC29121C327A1001BFC9C /* Main.storyboard */,
				416CC29421C327A5001BFC9C /* Assets.xcassets */,
				416CC29621C327A5001BFC9C /* LaunchScreen.storyboard */,
				416CC29921C327A5001BFC9C /* Info.plist */,
			);
			path = NightlyTest;
			sourceTree = "<group>";
		};
		416CC2A121C327A6001BFC9C /* NightlyTestUITests */ = {
			isa = PBXGroup;
			children = (
				416CC2A221C327A6001BFC9C /* NightlyTestUITests.swift */,
				416CC2A421C327A6001BFC9C /* Info.plist */,
			);
			path = NightlyTestUITests;
			sourceTree = "<group>";
		};
/* End PBXGroup section */

/* Begin PBXNativeTarget section */
		416CC28921C327A1001BFC9C /* NightlyTest */ = {
			isa = PBXNativeTarget;
			buildConfigurationList = 416CC2A721C327A6001BFC9C /* Build configuration list for PBXNativeTarget "NightlyTest" */;
			buildPhases = (
				416CC28621C327A1001BFC9C /* Sources */,
				416CC28721C327A1001BFC9C /* Frameworks */,
				416CC28821C327A1001BFC9C /* Resources */,
			);
			buildRules = (
			);
			dependencies = (
			);
			name = NightlyTest;
			productName = NightlyTest;
			productReference = 416CC28A21C327A1001BFC9C /* NightlyTest.app */;
			productType = "com.apple.product-type.application";
		};
		416CC29D21C327A6001BFC9C /* NightlyTestUITests */ = {
			isa = PBXNativeTarget;
			buildConfigurationList = 416CC2AA21C327A6001BFC9C /* Build configuration list for PBXNativeTarget "NightlyTestUITests" */;
			buildPhases = (
				416CC29A21C327A6001BFC9C /* Sources */,
				416CC29B21C327A6001BFC9C /* Frameworks */,
				416CC29C21C327A6001BFC9C /* Resources */,
			);
			buildRules = (
			);
			dependencies = (
				416CC2A021C327A6001BFC9C /* PBXTargetDependency */,
			);
			name = NightlyTestUITests;
			productName = NightlyTestUITests;
			productReference = 416CC29E21C327A6001BFC9C /* NightlyTestUITests.xctest */;
			productType = "com.apple.product-type.bundle.ui-testing";
		};
/* End PBXNativeTarget section */

/* Begin PBXProject section */
		416CC28221C327A1001BFC9C /* Project object */ = {
			isa = PBXProject;
			attributes = {
				LastSwiftUpdateCheck = 1010;
				LastUpgradeCheck = 1010;
				ORGANIZATIONNAME = "Pluto VR";
				TargetAttributes = {
					416CC28921C327A1001BFC9C = {
						CreatedOnToolsVersion = 10.1;
					};
					416CC29D21C327A6001BFC9C = {
						CreatedOnToolsVersion = 10.1;
						TestTargetID = 416CC28921C327A1001BFC9C;
					};
				};
			};
			buildConfigurationList = 416CC28521C327A1001BFC9C /* Build configuration list for PBXProject "NightlyTest" */;
			compatibilityVersion = "Xcode 9.3";
			developmentRegion = en;
			hasScannedForEncodings = 0;
			knownRegions = (
				en,
				Base,
			);
			mainGroup = 416CC28121C327A1001BFC9C;
			productRefGroup = 416CC28B21C327A1001BFC9C /* Products */;
			projectDirPath = "";
			projectRoot = "";
			targets = (
				416CC28921C327A1001BFC9C /* NightlyTest */,
				416CC29D21C327A6001BFC9C /* NightlyTestUITests */,
			);
		};
/* End PBXProject section */

/* Begin PBXResourcesBuildPhase section */
		416CC28821C327A1001BFC9C /* Resources */ = {
			isa = PBXResourcesBuildPhase;
			buildActionMask = 2147483647;
			files = (
				416CC29821C327A5001BFC9C /* LaunchScreen.storyboard in Resources */,
				416CC29521C327A5001BFC9C /* Assets.xcassets in Resources */,
				416CC29321C327A1001BFC9C /* Main.storyboard in Resources */,
			);
			runOnlyForDeploymentPostprocessing = 0;
		};
		416CC29C21C327A6001BFC9C /* Resources */ = {
			isa = PBXResourcesBuildPhase;
			buildActionMask = 2147483647;
			files = (
			);
			runOnlyForDeploymentPostprocessing = 0;
		};
/* End PBXResourcesBuildPhase section */

/* Begin PBXSourcesBuildPhase section */
		416CC28621C327A1001BFC9C /* Sources */ = {
			isa = PBXSourcesBuildPhase;
			buildActionMask = 2147483647;
			files = (
				416CC29021C327A1001BFC9C /* ViewController.swift in Sources */,
				416CC28E21C327A1001BFC9C /* AppDelegate.swift in Sources */,
			);
			runOnlyForDeploymentPostprocessing = 0;
		};
		416CC29A21C327A6001BFC9C /* Sources */ = {
			isa = PBXSourcesBuildPhase;
			buildActionMask = 2147483647;
			files = (
				416CC2A321C327A6001BFC9C /* NightlyTestUITests.swift in Sources */,
			);
			runOnlyForDeploymentPostprocessing = 0;
		};
/* End PBXSourcesBuildPhase section */

/* Begin PBXTargetDependency section */
		416CC2A021C327A6001BFC9C /* PBXTargetDependency */ = {
			isa = PBXTargetDependency;
			target = 416CC28921C327A1001BFC9C /* NightlyTest */;
			targetProxy = 416CC29F21C327A6001BFC9C /* PBXContainerItemProxy */;
		};
/* End PBXTargetDependency section */

/* Begin PBXVariantGroup section */
		416CC29121C327A1001BFC9C /* Main.storyboard */ = {
			isa = PBXVariantGroup;
			children = (
				416CC29221C327A1001BFC9C /* Base */,
			);
			name = Main.storyboard;
			sourceTree = "<group>";
		};
		416CC29621C327A5001BFC9C /* LaunchScreen.storyboard */ = {
			isa = PBXVariantGroup;
			children = (
				416CC29721C327A5001BFC9C /* Base */,
			);
			name = LaunchScreen.storyboard;
			sourceTree = "<group>";
		};
/* End PBXVariantGroup section */

/* Begin XCBuildConfiguration section */
		416CC2A521C327A6001BFC9C /* Debug */ = {
			isa = XCBuildConfiguration;
			buildSettings = {
				ALWAYS_SEARCH_USER_PATHS = NO;
				CLANG_ANALYZER_NONNULL = YES;
				CLANG_ANALYZER_NUMBER_OBJECT_CONVERSION = YES_AGGRESSIVE;
				CLANG_CXX_LANGUAGE_STANDARD = "gnu++14";
				CLANG_CXX_LIBRARY = "libc++";
				CLANG_ENABLE_MODULES = YES;
				CLANG_ENABLE_OBJC_ARC = YES;
				CLANG_ENABLE_OBJC_WEAK = YES;
				CLANG_WARN_BLOCK_CAPTURE_AUTORELEASING = YES;
				CLANG_WARN_BOOL_CONVERSION = YES;
				CLANG_WARN_COMMA = YES;
				CLANG_WARN_CONSTANT_CONVERSION = YES;
				CLANG_WARN_DEPRECATED_OBJC_IMPLEMENTATIONS = YES;
				CLANG_WARN_DIRECT_OBJC_ISA_USAGE = YES_ERROR;
				CLANG_WARN_DOCUMENTATION_COMMENTS = YES;
				CLANG_WARN_EMPTY_BODY = YES;
				CLANG_WARN_ENUM_CONVERSION = YES;
				CLANG_WARN_INFINITE_RECURSION = YES;
				CLANG_WARN_INT_CONVERSION = YES;
				CLANG_WARN_NON_LITERAL_NULL_CONVERSION = YES;
				CLANG_WARN_OBJC_IMPLICIT_RETAIN_SELF = YES;
				CLANG_WARN_OBJC_LITERAL_CONVERSION = YES;
				CLANG_WARN_OBJC_ROOT_CLASS = YES_ERROR;
				CLANG_WARN_RANGE_LOOP_ANALYSIS = YES;
				CLANG_WARN_STRICT_PROTOTYPES = YES;
				CLANG_WARN_SUSPICIOUS_MOVE = YES;
				CLANG_WARN_UNGUARDED_AVAILABILITY = YES_AGGRESSIVE;
				CLANG_WARN_UNREACHABLE_CODE = YES;
				CLANG_WARN__DUPLICATE_METHOD_MATCH = YES;
				CODE_SIGN_IDENTITY = "iPhone Developer";
				COPY_PHASE_STRIP = NO;
				DEBUG_INFORMATION_FORMAT = dwarf;
				ENABLE_STRICT_OBJC_MSGSEND = YES;
				ENABLE_TESTABILITY = YES;
				GCC_C_LANGUAGE_STANDARD = gnu11;
				GCC_DYNAMIC_NO_PIC = NO;
				GCC_NO_COMMON_BLOCKS = YES;
				GCC_OPTIMIZATION_LEVEL = 0;
				GCC_PREPROCESSOR_DEFINITIONS = (
					"DEBUG=1",
					"$(inherited)",
				);
				GCC_WARN_64_TO_32_BIT_CONVERSION = YES;
				GCC_WARN_ABOUT_RETURN_TYPE = YES_ERROR;
				GCC_WARN_UNDECLARED_SELECTOR = YES;
				GCC_WARN_UNINITIALIZED_AUTOS = YES_AGGRESSIVE;
				GCC_WARN_UNUSED_FUNCTION = YES;
				GCC_WARN_UNUSED_VARIABLE = YES;
				IPHONEOS_DEPLOYMENT_TARGET = 12.1;
				MTL_ENABLE_DEBUG_INFO = INCLUDE_SOURCE;
				MTL_FAST_MATH = YES;
				ONLY_ACTIVE_ARCH = YES;
				SDKROOT = iphoneos;
				SWIFT_ACTIVE_COMPILATION_CONDITIONS = DEBUG;
				SWIFT_OPTIMIZATION_LEVEL = "-Onone";
			};
			name = Debug;
		};
		416CC2A621C327A6001BFC9C /* Release */ = {
			isa = XCBuildConfiguration;
			buildSettings = {
				ALWAYS_SEARCH_USER_PATHS = NO;
				CLANG_ANALYZER_NONNULL = YES;
				CLANG_ANALYZER_NUMBER_OBJECT_CONVERSION = YES_AGGRESSIVE;
				CLANG_CXX_LANGUAGE_STANDARD = "gnu++14";
				CLANG_CXX_LIBRARY = "libc++";
				CLANG_ENABLE_MODULES = YES;
				CLANG_ENABLE_OBJC_ARC = YES;
				CLANG_ENABLE_OBJC_WEAK = YES;
				CLANG_WARN_BLOCK_CAPTURE_AUTORELEASING = YES;
				CLANG_WARN_BOOL_CONVERSION = YES;
				CLANG_WARN_COMMA = YES;
				CLANG_WARN_CONSTANT_CONVERSION = YES;
				CLANG_WARN_DEPRECATED_OBJC_IMPLEMENTATIONS = YES;
				CLANG_WARN_DIRECT_OBJC_ISA_USAGE = YES_ERROR;
				CLANG_WARN_DOCUMENTATION_COMMENTS = YES;
				CLANG_WARN_EMPTY_BODY = YES;
				CLANG_WARN_ENUM_CONVERSION = YES;
				CLANG_WARN_INFINITE_RECURSION = YES;
				CLANG_WARN_INT_CONVERSION = YES;
				CLANG_WARN_NON_LITERAL_NULL_CONVERSION = YES;
				CLANG_WARN_OBJC_IMPLICIT_RETAIN_SELF = YES;
				CLANG_WARN_OBJC_LITERAL_CONVERSION = YES;
				CLANG_WARN_OBJC_ROOT_CLASS = YES_ERROR;
				CLANG_WARN_RANGE_LOOP_ANALYSIS = YES;
				CLANG_WARN_STRICT_PROTOTYPES = YES;
				CLANG_WARN_SUSPICIOUS_MOVE = YES;
				CLANG_WARN_UNGUARDED_AVAILABILITY = YES_AGGRESSIVE;
				CLANG_WARN_UNREACHABLE_CODE = YES;
				CLANG_WARN__DUPLICATE_METHOD_MATCH = YES;
				CODE_SIGN_IDENTITY = "iPhone Developer";
				COPY_PHASE_STRIP = NO;
				DEBUG_INFORMATION_FORMAT = "dwarf-with-dsym";
				ENABLE_NS_ASSERTIONS = NO;
				ENABLE_STRICT_OBJC_MSGSEND = YES;
				GCC_C_LANGUAGE_STANDARD = gnu11;
				GCC_NO_COMMON_BLOCKS = YES;
				GCC_WARN_64_TO_32_BIT_CONVERSION = YES;
				GCC_WARN_ABOUT_RETURN_TYPE = YES_ERROR;
				GCC_WARN_UNDECLARED_SELECTOR = YES;
				GCC_WARN_UNINITIALIZED_AUTOS = YES_AGGRESSIVE;
				GCC_WARN_UNUSED_FUNCTION = YES;
				GCC_WARN_UNUSED_VARIABLE = YES;
				IPHONEOS_DEPLOYMENT_TARGET = 12.1;
				MTL_ENABLE_DEBUG_INFO = NO;
				MTL_FAST_MATH = YES;
				SDKROOT = iphoneos;
				SWIFT_COMPILATION_MODE = wholemodule;
				SWIFT_OPTIMIZATION_LEVEL = "-O";
				VALIDATE_PRODUCT = YES;
			};
			name = Release;
		};
		416CC2A821C327A6001BFC9C /* Debug */ = {
			isa = XCBuildConfiguration;
			buildSettings = {
				ASSETCATALOG_COMPILER_APPICON_NAME = AppIcon;
				CODE_SIGN_STYLE = Automatic;
				DEVELOPMENT_TEAM = V5JS9QMT5F;
				INFOPLIST_FILE = NightlyTest/Info.plist;
				LD_RUNPATH_SEARCH_PATHS = (
					"$(inherited)",
					"@executable_path/Frameworks",
				);
				PRODUCT_BUNDLE_IDENTIFIER = co.genui.nightlytest.NightlyTest;
				PRODUCT_NAME = "$(TARGET_NAME)";
				SWIFT_VERSION = 4.2;
				TARGETED_DEVICE_FAMILY = "1,2";
			};
			name = Debug;
		};
		416CC2A921C327A6001BFC9C /* Release */ = {
			isa = XCBuildConfiguration;
			buildSettings = {
				ASSETCATALOG_COMPILER_APPICON_NAME = AppIcon;
				CODE_SIGN_STYLE = Automatic;
				DEVELOPMENT_TEAM = V5JS9QMT5F;
				INFOPLIST_FILE = NightlyTest/Info.plist;
				LD_RUNPATH_SEARCH_PATHS = (
					"$(inherited)",
					"@executable_path/Frameworks",
				);
				PRODUCT_BUNDLE_IDENTIFIER = co.genui.nightlytest.NightlyTest;
				PRODUCT_NAME = "$(TARGET_NAME)";
				SWIFT_VERSION = 4.2;
				TARGETED_DEVICE_FAMILY = "1,2";
			};
			name = Release;
		};
		416CC2AB21C327A6001BFC9C /* Debug */ = {
			isa = XCBuildConfiguration;
			buildSettings = {
				ALWAYS_EMBED_SWIFT_STANDARD_LIBRARIES = YES;
				CODE_SIGN_STYLE = Automatic;
				DEVELOPMENT_TEAM = V5JS9QMT5F;
				INFOPLIST_FILE = NightlyTestUITests/Info.plist;
				LD_RUNPATH_SEARCH_PATHS = (
					"$(inherited)",
					"@executable_path/Frameworks",
					"@loader_path/Frameworks",
				);
				PRODUCT_BUNDLE_IDENTIFIER = co.genui.nightlytest.NightlyTestUITests;
				PRODUCT_NAME = "$(TARGET_NAME)";
				SWIFT_VERSION = 4.2;
				TARGETED_DEVICE_FAMILY = "1,2";
				TEST_TARGET_NAME = NightlyTest;
			};
			name = Debug;
		};
		416CC2AC21C327A6001BFC9C /* Release */ = {
			isa = XCBuildConfiguration;
			buildSettings = {
				ALWAYS_EMBED_SWIFT_STANDARD_LIBRARIES = YES;
				CODE_SIGN_STYLE = Automatic;
				DEVELOPMENT_TEAM = V5JS9QMT5F;
				INFOPLIST_FILE = NightlyTestUITests/Info.plist;
				LD_RUNPATH_SEARCH_PATHS = (
					"$(inherited)",
					"@executable_path/Frameworks",
					"@loader_path/Frameworks",
				);
				PRODUCT_BUNDLE_IDENTIFIER = co.genui.nightlytest.NightlyTestUITests;
				PRODUCT_NAME = "$(TARGET_NAME)";
				SWIFT_VERSION = 4.2;
				TARGETED_DEVICE_FAMILY = "1,2";
				TEST_TARGET_NAME = NightlyTest;
			};
			name = Release;
		};
/* End XCBuildConfiguration section */

/* Begin XCConfigurationList section */
		416CC28521C327A1001BFC9C /* Build configuration list for PBXProject "NightlyTest" */ = {
			isa = XCConfigurationList;
			buildConfigurations = (
				416CC2A521C327A6001BFC9C /* Debug */,
				416CC2A621C327A6001BFC9C /* Release */,
			);
			defaultConfigurationIsVisible = 0;
			defaultConfigurationName = Release;
		};
		416CC2A721C327A6001BFC9C /* Build configuration list for PBXNativeTarget "NightlyTest" */ = {
			isa = XCConfigurationList;
			buildConfigurations = (
				416CC2A821C327A6001BFC9C /* Debug */,
				416CC2A921C327A6001BFC9C /* Release */,
			);
			defaultConfigurationIsVisible = 0;
			defaultConfigurationName = Release;
		};
		416CC2AA21C327A6001BFC9C /* Build configuration list for PBXNativeTarget "NightlyTestUITests" */ = {
			isa = XCConfigurationList;
			buildConfigurations = (
				416CC2AB21C327A6001BFC9C /* Debug */,
				416CC2AC21C327A6001BFC9C /* Release */,
			);
			defaultConfigurationIsVisible = 0;
			defaultConfigurationName = Release;
		};
/* End XCConfigurationList section */
	};
	rootObject = 416CC28221C327A1001BFC9C /* Project object */;
}
